
Microsoft Visual Studio Solution File, Format Version 12.00
# Visual Studio 14
VisualStudioVersion = 14.0.24720.0
MinimumVisualStudioVersion = 10.0.40219.1
Project("{FAE04EC0-301F-11D3-BF4B-00C04F79EFBC}") = "TradeServer", "TradeServer\TradeServer.csproj", "{A44DD497-C25F-45CB-82D3-ADB6E29D6808}"
EndProject
Global
	GlobalSection(SolutionConfigurationPlatforms) = preSolution
		Debug|Any CPU = Debug|Any CPU
		Release|Any CPU = Release|Any CPU
	EndGlobalSection
	GlobalSection(ProjectConfigurationPlatforms) = postSolution
		{A44DD497-C25F-45CB-82D3-ADB6E29D6808}.Debug|Any CPU.ActiveCfg = Debug|Any CPU
		{A44DD497-C25F-45CB-82D3-ADB6E29D6808}.Debug|Any CPU.Build.0 = Debug|Any CPU
		{A44DD497-C25F-45CB-82D3-ADB6E29D6808}.Release|Any CPU.ActiveCfg = Release|Any CPU
		{A44DD497-C25F-45CB-82D3-ADB6E29D6808}.Release|Any CPU.Build.0 = Release|Any CPU
	EndGlobalSection
	GlobalSection(SolutionProperties) = preSolution
		HideSolutionNode = FALSE
	EndGlobalSection
EndGlobal
