<?xml version="1.0" encoding="utf-8"?>
<Project ToolsVersion="4.0" xmlns="http://schemas.microsoft.com/developer/msbuild/2003">
  <ItemGroup>
    <ClCompile Include="main.cpp" />
    <ClCompile Include="trader.cpp">
      <Filter>交易模块</Filter>
    </ClCompile>
    <ClCompile Include="handle.cpp">
      <Filter>处理模块</Filter>
    </ClCompile>
    <ClCompile Include="communication.cpp">
      <Filter>通信模块</Filter>
    </ClCompile>
    <ClCompile Include="UserManage.cpp">
      <Filter>用户模块</Filter>
    </ClCompile>
    <ClCompile Include="config.cpp">
      <Filter>配置模块</Filter>
    </ClCompile>
    <ClCompile Include="md5.cpp">
      <Filter>用户模块</Filter>
    </ClCompile>
  </ItemGroup>
  <ItemGroup>
    <Filter Include="处理模块">
      <UniqueIdentifier>{2fa2aaca-9ac6-42cb-a936-3c391418a8e7}</UniqueIdentifier>
    </Filter>
    <Filter Include="交易模块">
      <UniqueIdentifier>{190ca447-ef47-42ef-8bdd-79e0c6c951df}</UniqueIdentifier>
    </Filter>
    <Filter Include="配置模块">
      <UniqueIdentifier>{3815a68a-7366-4a04-b285-5aaed705ff25}</UniqueIdentifier>
    </Filter>
    <Filter Include="通信模块">
      <UniqueIdentifier>{f85585e2-9a45-43d1-be12-7cd964a40163}</UniqueIdentifier>
    </Filter>
    <Filter Include="用户模块">
      <UniqueIdentifier>{ab019f72-d750-4be5-9e48-d3df7dd375bd}</UniqueIdentifier>
    </Filter>
  </ItemGroup>
  <ItemGroup>
    <ClInclude Include="trader.h">
      <Filter>交易模块</Filter>
    </ClInclude>
    <ClInclude Include="handle.h">
      <Filter>处理模块</Filter>
    </ClInclude>
    <ClInclude Include="communication.h">
      <Filter>通信模块</Filter>
    </ClInclude>
    <ClInclude Include="UserManage.h">
      <Filter>用户模块</Filter>
    </ClInclude>
    <ClInclude Include="config.h">
      <Filter>配置模块</Filter>
    </ClInclude>
    <ClInclude Include="md5.h">
      <Filter>用户模块</Filter>
    </ClInclude>
  </ItemGroup>
</Project>